
Microsoft Visual Studio Solution File, Format Version 12.00
# Visual Studio Version 17
VisualStudioVersion = 17.12.35527.113 d17.12
MinimumVisualStudioVersion = 10.0.40219.1
Project("{FAE04EC0-301F-11D3-BF4B-00C04F79EFBC}") = "01. Freezing Weather", "Test\01. Freezing Weather.csproj", "{81302928-780D-405A-9458-994E57FBBDC5}"
EndProject
Project("{FAE04EC0-301F-11D3-BF4B-00C04F79EFBC}") = "02. Еven or Odd", "Even or Odd\02. Еven or Odd.csproj", "{C853063C-FE5E-485F-A0D8-EB8A8527624D}"
EndProject
Project("{FAE04EC0-301F-11D3-BF4B-00C04F79EFBC}") = "02. Odd or Even ver. 2.0", "Odd or Even ver. 2.0\02. Odd or Even ver. 2.0.csproj", "{E3324DB8-A590-492E-9F5D-3596E547DAD4}"
EndProject
Project("{FAE04EC0-301F-11D3-BF4B-00C04F79EFBC}") = "03. Numbers 1 to 9", "Number1-9\03. Numbers 1 to 9.csproj", "{5F279BED-C6C7-427A-9CAF-5744FD0283DD}"
EndProject
Project("{FAE04EC0-301F-11D3-BF4B-00C04F79EFBC}") = "08. Ticket Price", "Ticket Type\08. Ticket Price.csproj", "{A43FD017-89DD-4DCB-87EA-AD227999B599}"
EndProject
Project("{FAE04EC0-301F-11D3-BF4B-00C04F79EFBC}") = "09. Valid Triangle", "Valid Triangle\09. Valid Triangle.csproj", "{B3608CCF-C542-4AC6-82DA-E0C82CE5A31E}"
EndProject
Project("{FAE04EC0-301F-11D3-BF4B-00C04F79EFBC}") = "04.Greater Number", "04.Greater Number\04.Greater Number.csproj", "{F8F979BD-E0B2-4E9F-9983-24DADC3419A9}"
EndProject
Project("{FAE04EC0-301F-11D3-BF4B-00C04F79EFBC}") = "05. Guess the Password", "05. Guess the Password\05. Guess the Password.csproj", "{20102756-2ED2-47D3-9F99-CE13DD26A5EB}"
EndProject
Project("{FAE04EC0-301F-11D3-BF4B-00C04F79EFBC}") = "06. Boiling Water", "06. Boiling Water\06. Boiling Water.csproj", "{C4FE6C13-2578-4C2D-861F-64EC440AE52F}"
EndProject
Project("{FAE04EC0-301F-11D3-BF4B-00C04F79EFBC}") = "07. Speed Info", "07. Speed Info\07. Speed Info.csproj", "{A5956398-8397-4D16-B911-CDB5344D3916}"
EndProject
Global
	GlobalSection(SolutionConfigurationPlatforms) = preSolution
		Debug|Any CPU = Debug|Any CPU
		Release|Any CPU = Release|Any CPU
	EndGlobalSection
	GlobalSection(ProjectConfigurationPlatforms) = postSolution
		{81302928-780D-405A-9458-994E57FBBDC5}.Debug|Any CPU.ActiveCfg = Debug|Any CPU
		{81302928-780D-405A-9458-994E57FBBDC5}.Debug|Any CPU.Build.0 = Debug|Any CPU
		{81302928-780D-405A-9458-994E57FBBDC5}.Release|Any CPU.ActiveCfg = Release|Any CPU
		{81302928-780D-405A-9458-994E57FBBDC5}.Release|Any CPU.Build.0 = Release|Any CPU
		{C853063C-FE5E-485F-A0D8-EB8A8527624D}.Debug|Any CPU.ActiveCfg = Debug|Any CPU
		{C853063C-FE5E-485F-A0D8-EB8A8527624D}.Debug|Any CPU.Build.0 = Debug|Any CPU
		{C853063C-FE5E-485F-A0D8-EB8A8527624D}.Release|Any CPU.ActiveCfg = Release|Any CPU
		{C853063C-FE5E-485F-A0D8-EB8A8527624D}.Release|Any CPU.Build.0 = Release|Any CPU
		{E3324DB8-A590-492E-9F5D-3596E547DAD4}.Debug|Any CPU.ActiveCfg = Debug|Any CPU
		{E3324DB8-A590-492E-9F5D-3596E547DAD4}.Debug|Any CPU.Build.0 = Debug|Any CPU
		{E3324DB8-A590-492E-9F5D-3596E547DAD4}.Release|Any CPU.ActiveCfg = Release|Any CPU
		{E3324DB8-A590-492E-9F5D-3596E547DAD4}.Release|Any CPU.Build.0 = Release|Any CPU
		{5F279BED-C6C7-427A-9CAF-5744FD0283DD}.Debug|Any CPU.ActiveCfg = Debug|Any CPU
		{5F279BED-C6C7-427A-9CAF-5744FD0283DD}.Debug|Any CPU.Build.0 = Debug|Any CPU
		{5F279BED-C6C7-427A-9CAF-5744FD0283DD}.Release|Any CPU.ActiveCfg = Release|Any CPU
		{5F279BED-C6C7-427A-9CAF-5744FD0283DD}.Release|Any CPU.Build.0 = Release|Any CPU
		{A43FD017-89DD-4DCB-87EA-AD227999B599}.Debug|Any CPU.ActiveCfg = Debug|Any CPU
		{A43FD017-89DD-4DCB-87EA-AD227999B599}.Debug|Any CPU.Build.0 = Debug|Any CPU
		{A43FD017-89DD-4DCB-87EA-AD227999B599}.Release|Any CPU.ActiveCfg = Release|Any CPU
		{A43FD017-89DD-4DCB-87EA-AD227999B599}.Release|Any CPU.Build.0 = Release|Any CPU
		{B3608CCF-C542-4AC6-82DA-E0C82CE5A31E}.Debug|Any CPU.ActiveCfg = Debug|Any CPU
		{B3608CCF-C542-4AC6-82DA-E0C82CE5A31E}.Debug|Any CPU.Build.0 = Debug|Any CPU
		{B3608CCF-C542-4AC6-82DA-E0C82CE5A31E}.Release|Any CPU.ActiveCfg = Release|Any CPU
		{B3608CCF-C542-4AC6-82DA-E0C82CE5A31E}.Release|Any CPU.Build.0 = Release|Any CPU
		{F8F979BD-E0B2-4E9F-9983-24DADC3419A9}.Debug|Any CPU.ActiveCfg = Debug|Any CPU
		{F8F979BD-E0B2-4E9F-9983-24DADC3419A9}.Debug|Any CPU.Build.0 = Debug|Any CPU
		{F8F979BD-E0B2-4E9F-9983-24DADC3419A9}.Release|Any CPU.ActiveCfg = Release|Any CPU
		{F8F979BD-E0B2-4E9F-9983-24DADC3419A9}.Release|Any CPU.Build.0 = Release|Any CPU
		{20102756-2ED2-47D3-9F99-CE13DD26A5EB}.Debug|Any CPU.ActiveCfg = Debug|Any CPU
		{20102756-2ED2-47D3-9F99-CE13DD26A5EB}.Debug|Any CPU.Build.0 = Debug|Any CPU
		{20102756-2ED2-47D3-9F99-CE13DD26A5EB}.Release|Any CPU.ActiveCfg = Release|Any CPU
		{20102756-2ED2-47D3-9F99-CE13DD26A5EB}.Release|Any CPU.Build.0 = Release|Any CPU
		{C4FE6C13-2578-4C2D-861F-64EC440AE52F}.Debug|Any CPU.ActiveCfg = Debug|Any CPU
		{C4FE6C13-2578-4C2D-861F-64EC440AE52F}.Debug|Any CPU.Build.0 = Debug|Any CPU
		{C4FE6C13-2578-4C2D-861F-64EC440AE52F}.Release|Any CPU.ActiveCfg = Release|Any CPU
		{C4FE6C13-2578-4C2D-861F-64EC440AE52F}.Release|Any CPU.Build.0 = Release|Any CPU
		{A5956398-8397-4D16-B911-CDB5344D3916}.Debug|Any CPU.ActiveCfg = Debug|Any CPU
		{A5956398-8397-4D16-B911-CDB5344D3916}.Debug|Any CPU.Build.0 = Debug|Any CPU
		{A5956398-8397-4D16-B911-CDB5344D3916}.Release|Any CPU.ActiveCfg = Release|Any CPU
		{A5956398-8397-4D16-B911-CDB5344D3916}.Release|Any CPU.Build.0 = Release|Any CPU
	EndGlobalSection
	GlobalSection(SolutionProperties) = preSolution
		HideSolutionNode = FALSE
	EndGlobalSection
EndGlobal
